
Microsoft Visual Studio Solution File, Format Version 12.00
# Visual Studio 14
VisualStudioVersion = 14.0.25420.1
MinimumVisualStudioVersion = 10.0.40219.1
Project("{FAE04EC0-301F-11D3-BF4B-00C04F79EFBC}") = "Hangfire.Core", "src\Hangfire.Core\Hangfire.Core.csproj", "{C995EA9E-56EE-4951-8260-D94260A7F4C2}"
EndProject
Project("{FAE04EC0-301F-11D3-BF4B-00C04F79EFBC}") = "Hangfire.SqlServer", "src\Hangfire.SqlServer\Hangfire.SqlServer.csproj", "{A523C0E3-097D-4869-977F-15A717EA3E83}"
EndProject
Project("{2150E333-8FDC-42A3-9474-1A3956D46DE8}") = "build", "build", "{15E186DF-8918-44F1-9285-9756EDAECA5D}"
	ProjectSection(SolutionItems) = preProject
		appveyor.yml = appveyor.yml
		psake-project.ps1 = psake-project.ps1
		src\SharedAssemblyInfo.cs = src\SharedAssemblyInfo.cs
	EndProjectSection
EndProject
Project("{2150E333-8FDC-42A3-9474-1A3956D46DE8}") = "nuspecs", "nuspecs", "{5E687025-A525-4534-8869-CB685C7B11C4}"
	ProjectSection(SolutionItems) = preProject
		nuspecs\Hangfire.AspNetCore.nuspec = nuspecs\Hangfire.AspNetCore.nuspec
		nuspecs\Hangfire.Core.nuspec = nuspecs\Hangfire.Core.nuspec
		nuspecs\Hangfire.nuspec = nuspecs\Hangfire.nuspec
		nuspecs\Hangfire.SqlServer.MSMQ.nuspec = nuspecs\Hangfire.SqlServer.MSMQ.nuspec
		nuspecs\Hangfire.SqlServer.nuspec = nuspecs\Hangfire.SqlServer.nuspec
	EndProjectSection
EndProject
Project("{2150E333-8FDC-42A3-9474-1A3956D46DE8}") = "content", "content", "{37E2BF00-C473-48A5-B2A7-5A3DE0910FCF}"
	ProjectSection(SolutionItems) = preProject
		content\readme.txt = content\readme.txt
	EndProjectSection
EndProject
Project("{FAE04EC0-301F-11D3-BF4B-00C04F79EFBC}") = "Hangfire.SqlServer.Msmq", "src\Hangfire.SqlServer.Msmq\Hangfire.SqlServer.Msmq.csproj", "{762BE479-0AEC-47E0-8F9C-34FA54641749}"
EndProject
Project("{2150E333-8FDC-42A3-9474-1A3956D46DE8}") = ".nuget", ".nuget", "{F710C9CF-69F9-4373-9B74-ABB185BF985B}"
	ProjectSection(SolutionItems) = preProject
		.nuget\packages.config = .nuget\packages.config
	EndProjectSection
EndProject
Project("{2150E333-8FDC-42A3-9474-1A3956D46DE8}") = "Solution Items", "Solution Items", "{8667E5ED-006A-4542-B200-9C0C2C48FF13}"
	ProjectSection(SolutionItems) = preProject
		global.json = global.json
	EndProjectSection
EndProject
Project("{FAE04EC0-301F-11D3-BF4B-00C04F79EFBC}") = "Hangfire.Core.NetStandard", "src\Hangfire.Core\Hangfire.Core.NetStandard.csproj", "{2A528F3A-5120-430A-B881-E265FA09ABB5}"
EndProject
Project("{FAE04EC0-301F-11D3-BF4B-00C04F79EFBC}") = "Hangfire.SqlServer.NetStandard", "src\Hangfire.SqlServer\Hangfire.SqlServer.NetStandard.csproj", "{1513919A-5746-46CE-B8C6-C2FDB3361C2D}"
EndProject
Project("{FAE04EC0-301F-11D3-BF4B-00C04F79EFBC}") = "Hangfire.AspNetCore.NetStandard", "src\Hangfire.AspNetCore\Hangfire.AspNetCore.NetStandard.csproj", "{6DCC60C2-4F6E-4855-82EC-E8E1ABB36700}"
EndProject
Project("{FAE04EC0-301F-11D3-BF4B-00C04F79EFBC}") = "Hangfire.AspNetCore", "src\Hangfire.AspNetCore\Hangfire.AspNetCore.csproj", "{73AFEBE0-9B11-44F6-A69C-8A51538CF18E}"
EndProject
Global
	GlobalSection(SolutionConfigurationPlatforms) = preSolution
		Debug|Any CPU = Debug|Any CPU
		Release|Any CPU = Release|Any CPU
	EndGlobalSection
	GlobalSection(ProjectConfigurationPlatforms) = postSolution
		{C995EA9E-56EE-4951-8260-D94260A7F4C2}.Debug|Any CPU.ActiveCfg = Debug|Any CPU
		{C995EA9E-56EE-4951-8260-D94260A7F4C2}.Debug|Any CPU.Build.0 = Debug|Any CPU
		{C995EA9E-56EE-4951-8260-D94260A7F4C2}.Release|Any CPU.ActiveCfg = Release|Any CPU
		{C995EA9E-56EE-4951-8260-D94260A7F4C2}.Release|Any CPU.Build.0 = Release|Any CPU
		{A523C0E3-097D-4869-977F-15A717EA3E83}.Debug|Any CPU.ActiveCfg = Debug|Any CPU
		{A523C0E3-097D-4869-977F-15A717EA3E83}.Debug|Any CPU.Build.0 = Debug|Any CPU
		{A523C0E3-097D-4869-977F-15A717EA3E83}.Release|Any CPU.ActiveCfg = Release|Any CPU
		{A523C0E3-097D-4869-977F-15A717EA3E83}.Release|Any CPU.Build.0 = Release|Any CPU
		{762BE479-0AEC-47E0-8F9C-34FA54641749}.Debug|Any CPU.ActiveCfg = Debug|Any CPU
		{762BE479-0AEC-47E0-8F9C-34FA54641749}.Debug|Any CPU.Build.0 = Debug|Any CPU
		{762BE479-0AEC-47E0-8F9C-34FA54641749}.Release|Any CPU.ActiveCfg = Release|Any CPU
		{762BE479-0AEC-47E0-8F9C-34FA54641749}.Release|Any CPU.Build.0 = Release|Any CPU
		{2A528F3A-5120-430A-B881-E265FA09ABB5}.Debug|Any CPU.ActiveCfg = Debug|Any CPU
		{2A528F3A-5120-430A-B881-E265FA09ABB5}.Debug|Any CPU.Build.0 = Debug|Any CPU
		{2A528F3A-5120-430A-B881-E265FA09ABB5}.Release|Any CPU.ActiveCfg = Release|Any CPU
		{2A528F3A-5120-430A-B881-E265FA09ABB5}.Release|Any CPU.Build.0 = Release|Any CPU
		{1513919A-5746-46CE-B8C6-C2FDB3361C2D}.Debug|Any CPU.ActiveCfg = Debug|Any CPU
		{1513919A-5746-46CE-B8C6-C2FDB3361C2D}.Debug|Any CPU.Build.0 = Debug|Any CPU
		{1513919A-5746-46CE-B8C6-C2FDB3361C2D}.Release|Any CPU.ActiveCfg = Release|Any CPU
		{1513919A-5746-46CE-B8C6-C2FDB3361C2D}.Release|Any CPU.Build.0 = Release|Any CPU
		{6DCC60C2-4F6E-4855-82EC-E8E1ABB36700}.Debug|Any CPU.ActiveCfg = Debug|Any CPU
		{6DCC60C2-4F6E-4855-82EC-E8E1ABB36700}.Debug|Any CPU.Build.0 = Debug|Any CPU
		{6DCC60C2-4F6E-4855-82EC-E8E1ABB36700}.Release|Any CPU.ActiveCfg = Release|Any CPU
		{6DCC60C2-4F6E-4855-82EC-E8E1ABB36700}.Release|Any CPU.Build.0 = Release|Any CPU
		{73AFEBE0-9B11-44F6-A69C-8A51538CF18E}.Debug|Any CPU.ActiveCfg = Debug|Any CPU
		{73AFEBE0-9B11-44F6-A69C-8A51538CF18E}.Debug|Any CPU.Build.0 = Debug|Any CPU
		{73AFEBE0-9B11-44F6-A69C-8A51538CF18E}.Release|Any CPU.ActiveCfg = Release|Any CPU
		{73AFEBE0-9B11-44F6-A69C-8A51538CF18E}.Release|Any CPU.Build.0 = Release|Any CPU
	EndGlobalSection
	GlobalSection(SolutionProperties) = preSolution
		HideSolutionNode = FALSE
	EndGlobalSection
EndGlobal
